
Microsoft Visual Studio Solution File, Format Version 12.00
# Visual Studio Version 17
VisualStudioVersion = 17.4.33110.190
MinimumVisualStudioVersion = 10.0.40219.1
Project("{9A19103F-16F7-4668-BE54-9A1E7A4F7556}") = "ShopOnline.Web", "ShopOnline.Web\ShopOnline.Web.csproj", "{A57107E5-699A-44E6-B606-5222A48F8666}"
EndProject
Project("{9A19103F-16F7-4668-BE54-9A1E7A4F7556}") = "ShopOnline.Api", "ShopOnline.Api\ShopOnline.Api.csproj", "{3519C130-A8DF-4781-95D8-2F48E3AB19CB}"
EndProject
Project("{FAE04EC0-301F-11D3-BF4B-00C04F79EFBC}") = "ShopOnline.Models", "ShopOnline.Models\ShopOnline.Models.csproj", "{50C6AC2C-2460-4DE3-AFA4-CDFE2A724384}"
EndProject
Global
	GlobalSection(SolutionConfigurationPlatforms) = preSolution
		Debug|Any CPU = Debug|Any CPU
		Release|Any CPU = Release|Any CPU
	EndGlobalSection
	GlobalSection(ProjectConfigurationPlatforms) = postSolution
		{A57107E5-699A-44E6-B606-5222A48F8666}.Debug|Any CPU.ActiveCfg = Debug|Any CPU
		{A57107E5-699A-44E6-B606-5222A48F8666}.Debug|Any CPU.Build.0 = Debug|Any CPU
		{A57107E5-699A-44E6-B606-5222A48F8666}.Release|Any CPU.ActiveCfg = Release|Any CPU
		{A57107E5-699A-44E6-B606-5222A48F8666}.Release|Any CPU.Build.0 = Release|Any CPU
		{3519C130-A8DF-4781-95D8-2F48E3AB19CB}.Debug|Any CPU.ActiveCfg = Debug|Any CPU
		{3519C130-A8DF-4781-95D8-2F48E3AB19CB}.Debug|Any CPU.Build.0 = Debug|Any CPU
		{3519C130-A8DF-4781-95D8-2F48E3AB19CB}.Release|Any CPU.ActiveCfg = Release|Any CPU
		{3519C130-A8DF-4781-95D8-2F48E3AB19CB}.Release|Any CPU.Build.0 = Release|Any CPU
		{50C6AC2C-2460-4DE3-AFA4-CDFE2A724384}.Debug|Any CPU.ActiveCfg = Debug|Any CPU
		{50C6AC2C-2460-4DE3-AFA4-CDFE2A724384}.Debug|Any CPU.Build.0 = Debug|Any CPU
		{50C6AC2C-2460-4DE3-AFA4-CDFE2A724384}.Release|Any CPU.ActiveCfg = Release|Any CPU
		{50C6AC2C-2460-4DE3-AFA4-CDFE2A724384}.Release|Any CPU.Build.0 = Release|Any CPU
	EndGlobalSection
	GlobalSection(SolutionProperties) = preSolution
		HideSolutionNode = FALSE
	EndGlobalSection
	GlobalSection(ExtensibilityGlobals) = postSolution
		SolutionGuid = {27E5D462-59AB-4236-8B9B-2DB066B3DF99}
	EndGlobalSection
EndGlobal
